
Microsoft Visual Studio Solution File, Format Version 12.00
# Visual Studio Version 17
VisualStudioVersion = 17.2.32602.215
MinimumVisualStudioVersion = 10.0.40219.1
Project("{FAE04EC0-301F-11D3-BF4B-00C04F79EFBC}") = "SCN", "SCN\SCN.csproj", "{C7C64B3C-4DC6-4843-ABE8-9D5314AA11D8}"
EndProject
Global
	GlobalSection(SolutionConfigurationPlatforms) = preSolution
		Debug|Any CPU = Debug|Any CPU
		Release|Any CPU = Release|Any CPU
	EndGlobalSection
	GlobalSection(ProjectConfigurationPlatforms) = postSolution
		{C7C64B3C-4DC6-4843-ABE8-9D5314AA11D8}.Debug|Any CPU.ActiveCfg = Debug|Any CPU
		{C7C64B3C-4DC6-4843-ABE8-9D5314AA11D8}.Debug|Any CPU.Build.0 = Debug|Any CPU
		{C7C64B3C-4DC6-4843-ABE8-9D5314AA11D8}.Release|Any CPU.ActiveCfg = Release|Any CPU
		{C7C64B3C-4DC6-4843-ABE8-9D5314AA11D8}.Release|Any CPU.Build.0 = Release|Any CPU
	EndGlobalSection
	GlobalSection(SolutionProperties) = preSolution
		HideSolutionNode = FALSE
	EndGlobalSection
	GlobalSection(ExtensibilityGlobals) = postSolution
		SolutionGuid = {5D83F853-3D19-4C13-9DA2-D2A5A498A3DE}
	EndGlobalSection
EndGlobal
